[root]
name = "unicode_names_macros"
version = "0.1.2"
dependencies = [
 "regex 0.1.10 (registry+https://github.com/rust-lang/crates.io-index)",
 "regex_macros 0.1.5 (registry+https://github.com/rust-lang/crates.io-index)",
 "unicode_names 0.1.2",
]

[[package]]
name = "regex"
version = "0.1.10"
source = "registry+https://github.com/rust-lang/crates.io-index"

[[package]]
name = "regex_macros"
version = "0.1.5"
source = "registry+https://github.com/rust-lang/crates.io-index"
dependencies = [
 "regex 0.1.10 (registry+https://github.com/rust-lang/crates.io-index)",
]

[[package]]
name = "unicode_names"
version = "0.1.2"

